
Microsoft Visual Studio Solution File, Format Version 12.00
# Visual Studio Version 16
VisualStudioVersion = 16.0.29613.14
MinimumVisualStudioVersion = 10.0.40219.1
Project("{9A19103F-16F7-4668-BE54-9A1E7A4F7556}") = "Venier.IOTHub.Device", "Venier.IOTHub.Device\Venier.IOTHub.Device.csproj", "{544EFDAF-A3F9-4944-A907-68BA1CCF6108}"
EndProject
Project("{9A19103F-16F7-4668-BE54-9A1E7A4F7556}") = "Venier.IOTHub.WebApp", "Venier.IOTHub.WebApp\Venier.IOTHub.WebApp.csproj", "{13FBC362-34C4-493F-A1AB-75CD19CB53A8}"
EndProject
Global
	GlobalSection(SolutionConfigurationPlatforms) = preSolution
		Debug|Any CPU = Debug|Any CPU
		Release|Any CPU = Release|Any CPU
	EndGlobalSection
	GlobalSection(ProjectConfigurationPlatforms) = postSolution
		{544EFDAF-A3F9-4944-A907-68BA1CCF6108}.Debug|Any CPU.ActiveCfg = Debug|Any CPU
		{544EFDAF-A3F9-4944-A907-68BA1CCF6108}.Debug|Any CPU.Build.0 = Debug|Any CPU
		{544EFDAF-A3F9-4944-A907-68BA1CCF6108}.Release|Any CPU.ActiveCfg = Release|Any CPU
		{544EFDAF-A3F9-4944-A907-68BA1CCF6108}.Release|Any CPU.Build.0 = Release|Any CPU
		{13FBC362-34C4-493F-A1AB-75CD19CB53A8}.Debug|Any CPU.ActiveCfg = Debug|Any CPU
		{13FBC362-34C4-493F-A1AB-75CD19CB53A8}.Debug|Any CPU.Build.0 = Debug|Any CPU
		{13FBC362-34C4-493F-A1AB-75CD19CB53A8}.Release|Any CPU.ActiveCfg = Release|Any CPU
		{13FBC362-34C4-493F-A1AB-75CD19CB53A8}.Release|Any CPU.Build.0 = Release|Any CPU
	EndGlobalSection
	GlobalSection(SolutionProperties) = preSolution
		HideSolutionNode = FALSE
	EndGlobalSection
	GlobalSection(ExtensibilityGlobals) = postSolution
		SolutionGuid = {1D2AE6C2-08F7-4C37-9A9A-3C59F8E1C6DA}
	EndGlobalSection
EndGlobal
