
Microsoft Visual Studio Solution File, Format Version 12.00
# Visual Studio Version 16
VisualStudioVersion = 16.0.29613.14
MinimumVisualStudioVersion = 10.0.40219.1
Project("{FAE04EC0-301F-11D3-BF4B-00C04F79EFBC}") = "Venier.IOTHub.Device", "Venier.IOTHub.Device\Venier.IOTHub.Device.csproj", "{544EFDAF-A3F9-4944-A907-68BA1CCF6108}"
EndProject
Project("{FAE04EC0-301F-11D3-BF4B-00C04F79EFBC}") = "Venier.IOTHub.Web", "Venier.IOTHub.Web\Venier.IOTHub.Web.csproj", "{6B5F9048-B0AB-4347-90F4-913AD6BD31CC}"
EndProject
Project("{FAE04EC0-301F-11D3-BF4B-00C04F79EFBC}") = "Venier.IOTHub.Data", "Venier.IOTHub.Data\Venier.IOTHub.Data.csproj", "{9BD90149-0142-4A8B-AFC1-EE7E56073DFA}"
EndProject
Global
	GlobalSection(SolutionConfigurationPlatforms) = preSolution
		Debug|Any CPU = Debug|Any CPU
		Release|Any CPU = Release|Any CPU
	EndGlobalSection
	GlobalSection(ProjectConfigurationPlatforms) = postSolution
		{544EFDAF-A3F9-4944-A907-68BA1CCF6108}.Debug|Any CPU.ActiveCfg = Debug|Any CPU
		{544EFDAF-A3F9-4944-A907-68BA1CCF6108}.Debug|Any CPU.Build.0 = Debug|Any CPU
		{544EFDAF-A3F9-4944-A907-68BA1CCF6108}.Release|Any CPU.ActiveCfg = Release|Any CPU
		{544EFDAF-A3F9-4944-A907-68BA1CCF6108}.Release|Any CPU.Build.0 = Release|Any CPU
		{6B5F9048-B0AB-4347-90F4-913AD6BD31CC}.Debug|Any CPU.ActiveCfg = Debug|Any CPU
		{6B5F9048-B0AB-4347-90F4-913AD6BD31CC}.Debug|Any CPU.Build.0 = Debug|Any CPU
		{6B5F9048-B0AB-4347-90F4-913AD6BD31CC}.Release|Any CPU.ActiveCfg = Release|Any CPU
		{6B5F9048-B0AB-4347-90F4-913AD6BD31CC}.Release|Any CPU.Build.0 = Release|Any CPU
		{9BD90149-0142-4A8B-AFC1-EE7E56073DFA}.Debug|Any CPU.ActiveCfg = Debug|Any CPU
		{9BD90149-0142-4A8B-AFC1-EE7E56073DFA}.Debug|Any CPU.Build.0 = Debug|Any CPU
		{9BD90149-0142-4A8B-AFC1-EE7E56073DFA}.Release|Any CPU.ActiveCfg = Release|Any CPU
		{9BD90149-0142-4A8B-AFC1-EE7E56073DFA}.Release|Any CPU.Build.0 = Release|Any CPU
	EndGlobalSection
	GlobalSection(SolutionProperties) = preSolution
		HideSolutionNode = FALSE
	EndGlobalSection
	GlobalSection(ExtensibilityGlobals) = postSolution
		SolutionGuid = {1D2AE6C2-08F7-4C37-9A9A-3C59F8E1C6DA}
	EndGlobalSection
EndGlobal
